
Microsoft Visual Studio Solution File, Format Version 12.00
# Visual Studio Version 17
VisualStudioVersion = 17.5.33414.496
MinimumVisualStudioVersion = 10.0.40219.1
Project("{FAE04EC0-301F-11D3-BF4B-00C04F79EFBC}") = "tpmodul5_1302210041", "tpmodul5_1302210041\tpmodul5_1302210041.csproj", "{961E0A22-C04E-478A-9427-264A8A96AEAB}"
EndProject
Global
	GlobalSection(SolutionConfigurationPlatforms) = preSolution
		Debug|Any CPU = Debug|Any CPU
		Release|Any CPU = Release|Any CPU
	EndGlobalSection
	GlobalSection(ProjectConfigurationPlatforms) = postSolution
		{961E0A22-C04E-478A-9427-264A8A96AEAB}.Debug|Any CPU.ActiveCfg = Debug|Any CPU
		{961E0A22-C04E-478A-9427-264A8A96AEAB}.Debug|Any CPU.Build.0 = Debug|Any CPU
		{961E0A22-C04E-478A-9427-264A8A96AEAB}.Release|Any CPU.ActiveCfg = Release|Any CPU
		{961E0A22-C04E-478A-9427-264A8A96AEAB}.Release|Any CPU.Build.0 = Release|Any CPU
	EndGlobalSection
	GlobalSection(SolutionProperties) = preSolution
		HideSolutionNode = FALSE
	EndGlobalSection
	GlobalSection(ExtensibilityGlobals) = postSolution
		SolutionGuid = {CE9B46B6-6899-4CA5-8B0D-1744033A54CE}
	EndGlobalSection
EndGlobal
